{
  "name": "circles-cli",
  "version": "0.1.0",
  "lockfileVersion": 3,
  "requires": true,
  "packages": {
    "": {
      "name": "circles-cli",
      "version": "0.1.0",
      "license": "ISC",
      "dependencies": {
        "@aboutcircles/sdk": "^0.1.2",
        "@aboutcircles/sdk-core": "^0.1.1",
        "@aboutcircles/sdk-pathfinder": "^0.1.1",
        "@aboutcircles/sdk-profiles": "^0.1.1",
        "@aboutcircles/sdk-rpc": "^0.1.1",
        "@aboutcircles/sdk-runner": "^0.1.1",
        "@aboutcircles/sdk-transfers": "^0.1.1",
        "@aboutcircles/sdk-types": "^0.1.1",
        "commander": "^14.0.2",
        "dotenv": "^17.2.3",
        "viem": "^2.40.3"
      },
      "devDependencies": {
        "@types/node": "^24.10.1"
      }
    },
    "node_modules/@aboutcircles/sdk": {
      "version": "0.1.2",
      "resolved": "https://registry.npmjs.org/@aboutcircles/sdk/-/sdk-0.1.2.tgz",
      "integrity": "sha512-R1k+899aiVEHIduFMkzNOz+P3naPqHV9rwLlRUw+kMlROTo6No6JoC3HYiFRR1g7KayoF2gayeS+Qsy9qjP05g==",
      "license": "MIT",
      "dependencies": {
        "@aboutcircles/sdk-core": "*",
        "@aboutcircles/sdk-pathfinder": "*",
        "@aboutcircles/sdk-profiles": "*",
        "@aboutcircles/sdk-rpc": "*",
        "@aboutcircles/sdk-runner": "*",
        "@aboutcircles/sdk-transfers": "*",
        "@aboutcircles/sdk-types": "*",
        "@aboutcircles/sdk-utils": "*",
        "viem": "^2.38.0"
      }
    },
    "node_modules/@aboutcircles/sdk-abis": {
      "version": "0.1.1",
      "resolved": "https://registry.npmjs.org/@aboutcircles/sdk-abis/-/sdk-abis-0.1.1.tgz",
      "integrity": "sha512-rMKXXdXiKeSi72ixW1wjvGfRGyxuo1cSNwdAb1Lj3Q71X14AvZ3zj+GrxlZp0mY+oU3BI2wFW/vDex0dloEb3w==",
      "dependencies": {
        "abitype": "^1.1.1"
      }
    },
    "node_modules/@aboutcircles/sdk-core": {
      "version": "0.1.1",
      "resolved": "https://registry.npmjs.org/@aboutcircles/sdk-core/-/sdk-core-0.1.1.tgz",
      "integrity": "sha512-/hIsxGw354likNJX7c0MGX/XlxgDa8IreDReqoNo1ZuwtQPxjtFY9CJ38g4djUi0myU+hVsw+EgaiIO4PTK/9w==",
      "dependencies": {
        "@aboutcircles/sdk-abis": "*",
        "@aboutcircles/sdk-types": "*",
        "@aboutcircles/sdk-utils": "*",
        "abitype": "^1.1.1"
      }
    },
    "node_modules/@aboutcircles/sdk-pathfinder": {
      "version": "0.1.1",
      "resolved": "https://registry.npmjs.org/@aboutcircles/sdk-pathfinder/-/sdk-pathfinder-0.1.1.tgz",
      "integrity": "sha512-5uwJxZedZEvIphrJmzufjyQi0sYQ+XSpLaegyBAVVtbq2eLyeGhT81v6a+QD9O98mIID66ify2MWqi/Y4Ubp9w==",
      "license": "MIT",
      "dependencies": {
        "@aboutcircles/sdk-rpc": "*",
        "@aboutcircles/sdk-types": "*",
        "@aboutcircles/sdk-utils": "*",
        "viem": "^2.38.0"
      }
    },
    "node_modules/@aboutcircles/sdk-profiles": {
      "version": "0.1.1",
      "resolved": "https://registry.npmjs.org/@aboutcircles/sdk-profiles/-/sdk-profiles-0.1.1.tgz",
      "integrity": "sha512-ga46/LqBH0DFCmD9hIMIBXoyGlsCNggG8g6Xjx43fIzu4HJr6W0PL2ExM6RXMrgr4GRym86AQcj/cTYwUdePXQ==",
      "license": "MIT",
      "dependencies": {
        "@aboutcircles/sdk-types": "*"
      }
    },
    "node_modules/@aboutcircles/sdk-rpc": {
      "version": "0.1.1",
      "resolved": "https://registry.npmjs.org/@aboutcircles/sdk-rpc/-/sdk-rpc-0.1.1.tgz",
      "integrity": "sha512-YGsgKzbVa8eASA0IL48ZsxSCLAuXhlBRj8Pp5iXZknIEZ8zUlLhmJR7guYk4Z1LEV833JkoFgWYnb0H+vleu9g==",
      "dependencies": {
        "@aboutcircles/sdk-types": "*",
        "@aboutcircles/sdk-utils": "*"
      }
    },
    "node_modules/@aboutcircles/sdk-runner": {
      "version": "0.1.1",
      "resolved": "https://registry.npmjs.org/@aboutcircles/sdk-runner/-/sdk-runner-0.1.1.tgz",
      "integrity": "sha512-5F2i2FsNezvSwMe6nSQM9YuQW7dVNLF8vw4o+o/gG6Uyai4QN2xum80G73NrK9TDLkJWgEXSpjs2MiGwV3KN6Q==",
      "license": "MIT",
      "dependencies": {
        "@aboutcircles/sdk-types": "*",
        "@safe-global/protocol-kit": "^5.1.1",
        "@safe-global/safe-core-sdk-types": "^5.1.0",
        "viem": "^2.38.0"
      }
    },
    "node_modules/@aboutcircles/sdk-transfers": {
      "version": "0.1.1",
      "resolved": "https://registry.npmjs.org/@aboutcircles/sdk-transfers/-/sdk-transfers-0.1.1.tgz",
      "integrity": "sha512-n3CfocsTlWKgfgFXL/qUczQuadNiwJ/5BnsixSKVKIAzeN68+JQJ4QC4bqDlbRQz5rLLDvkQEAhjBED+TfpDAA==",
      "license": "MIT",
      "dependencies": {
        "@aboutcircles/sdk-core": "*",
        "@aboutcircles/sdk-pathfinder": "*",
        "@aboutcircles/sdk-rpc": "*",
        "@aboutcircles/sdk-types": "*",
        "@aboutcircles/sdk-utils": "*",
        "viem": "^2.38.0"
      }
    },
    "node_modules/@aboutcircles/sdk-types": {
      "version": "0.1.1",
      "resolved": "https://registry.npmjs.org/@aboutcircles/sdk-types/-/sdk-types-0.1.1.tgz",
      "integrity": "sha512-zJNx13EOJU7x9Z2IKV9WihyQG4nLlNYq2Q9bjaZiJSkohpjqUdjOjGJ4Ha5PxTn+JD19wd5zVtP3zUQhqzVkpw==",
      "license": "MIT",
      "dependencies": {
        "abitype": "^1.1.1"
      }
    },
    "node_modules/@aboutcircles/sdk-utils": {
      "version": "0.1.1",
      "resolved": "https://registry.npmjs.org/@aboutcircles/sdk-utils/-/sdk-utils-0.1.1.tgz",
      "integrity": "sha512-K6M9fcsdI76f7rTshS3ytMhFW/X+mg+/5XN0lE27Roh7Pi4sIyL67fUZnqT629FsMyuOjFdhckqIAsusPSKY3A==",
      "license": "MIT",
      "dependencies": {
        "@aboutcircles/sdk-types": "*",
        "multiformats": "^13.4.1"
      }
    },
    "node_modules/@adraffy/ens-normalize": {
      "version": "1.11.1",
      "resolved": "https://registry.npmjs.org/@adraffy/ens-normalize/-/ens-normalize-1.11.1.tgz",
      "integrity": "sha512-nhCBV3quEgesuf7c7KYfperqSS14T8bYuvJ8PcLJp6znkZpFc0AuW4qBtr8eKVyPPe/8RSr7sglCWPU5eaxwKQ==",
      "license": "MIT"
    },
    "node_modules/@noble/ciphers": {
      "version": "1.3.0",
      "resolved": "https://registry.npmjs.org/@noble/ciphers/-/ciphers-1.3.0.tgz",
      "integrity": "sha512-2I0gnIVPtfnMw9ee9h1dJG7tp81+8Ob3OJb3Mv37rx5L40/b0i7djjCVvGOVqc9AEIQyvyu1i6ypKdFw8R8gQw==",
      "license": "MIT",
      "engines": {
        "node": "^14.21.3 || >=16"
      },
      "funding": {
        "url": "https://paulmillr.com/funding/"
      }
    },
    "node_modules/@noble/curves": {
      "version": "1.9.7",
      "resolved": "https://registry.npmjs.org/@noble/curves/-/curves-1.9.7.tgz",
      "integrity": "sha512-gbKGcRUYIjA3/zCCNaWDciTMFI0dCkvou3TL8Zmy5Nc7sJ47a0jtOeZoTaMxkuqRo9cRhjOdZJXegxYE5FN/xw==",
      "license": "MIT",
      "dependencies": {
        "@noble/hashes": "1.8.0"
      },
      "engines": {
        "node": "^14.21.3 || >=16"
      },
      "funding": {
        "url": "https://paulmillr.com/funding/"
      }
    },
    "node_modules/@noble/hashes": {
      "version": "1.8.0",
      "resolved": "https://registry.npmjs.org/@noble/hashes/-/hashes-1.8.0.tgz",
      "integrity": "sha512-jCs9ldd7NwzpgXDIf6P3+NrHh9/sD6CQdxHyjQI+h/6rDNo88ypBxxz45UDuZHz9r3tNz7N/VInSVoVdtXEI4A==",
      "license": "MIT",
      "engines": {
        "node": "^14.21.3 || >=16"
      },
      "funding": {
        "url": "https://paulmillr.com/funding/"
      }
    },
    "node_modules/@peculiar/asn1-schema": {
      "version": "2.6.0",
      "resolved": "https://registry.npmjs.org/@peculiar/asn1-schema/-/asn1-schema-2.6.0.tgz",
      "integrity": "sha512-xNLYLBFTBKkCzEZIw842BxytQQATQv+lDTCEMZ8C196iJcJJMBUZxrhSTxLaohMyKK8QlzRNTRkUmanucnDSqg==",
      "license": "MIT",
      "optional": true,
      "dependencies": {
        "asn1js": "^3.0.6",
        "pvtsutils": "^1.3.6",
        "tslib": "^2.8.1"
      }
    },
    "node_modules/@safe-global/protocol-kit": {
      "version": "5.2.22",
      "resolved": "https://registry.npmjs.org/@safe-global/protocol-kit/-/protocol-kit-5.2.22.tgz",
      "integrity": "sha512-1oGYFDw8UUQqYGrGZw0Yy30v8jlMzvMidMd35HRM3hK/sAAbisUmHqER+KUV1Vvb2KX4c+dnkaw4ctjuMhajbA==",
      "license": "MIT",
      "dependencies": {
        "@safe-global/safe-deployments": "^1.37.49",
        "@safe-global/safe-modules-deployments": "^2.2.21",
        "@safe-global/types-kit": "^1.0.5",
        "abitype": "^1.0.2",
        "semver": "^7.6.3",
        "viem": "^2.21.8"
      },
      "optionalDependencies": {
        "@noble/curves": "^1.6.0",
        "@peculiar/asn1-schema": "^2.3.13"
      }
    },
    "node_modules/@safe-global/safe-core-sdk-types": {
      "version": "5.1.0",
      "resolved": "https://registry.npmjs.org/@safe-global/safe-core-sdk-types/-/safe-core-sdk-types-5.1.0.tgz",
      "integrity": "sha512-UzXR4zWmVzux25FcIm4H049QhZZpVpIBL5HE+V0p5gHpArZROL+t24fZmsKUf403CtBxIJM5zZSVQL0nFJi+IQ==",
      "deprecated": "WARNING: This project has been renamed to @safe-global/types-kit. Please, migrate from @safe-global/safe-core-sdk-types@5.1.0 to @safe-global/types-kit@1.0.0.",
      "license": "MIT",
      "dependencies": {
        "abitype": "^1.0.2"
      }
    },
    "node_modules/@safe-global/safe-deployments": {
      "version": "1.37.49",
      "resolved": "https://registry.npmjs.org/@safe-global/safe-deployments/-/safe-deployments-1.37.49.tgz",
      "integrity": "sha512-132QgqMY1/HktXqmda/uPp5b+73UXTgKRB00Xgc1kduFqceSw/ZyF1Q9jJjbND9q91hhapnXhYKWN2/HiWkRcg==",
      "license": "MIT",
      "dependencies": {
        "semver": "^7.6.2"
      }
    },
    "node_modules/@safe-global/safe-modules-deployments": {
      "version": "2.2.21",
      "resolved": "https://registry.npmjs.org/@safe-global/safe-modules-deployments/-/safe-modules-deployments-2.2.21.tgz",
      "integrity": "sha512-fveOlRv0ccwsuaZjP1u7ZbXrwCyqMTYYiqETOGo8NdzTaceRUyR9TNzagSWovOSuHPVyUGJ9lnsxizikt/+PiQ==",
      "license": "MIT"
    },
    "node_modules/@safe-global/types-kit": {
      "version": "1.0.5",
      "resolved": "https://registry.npmjs.org/@safe-global/types-kit/-/types-kit-1.0.5.tgz",
      "integrity": "sha512-LcAsApV1MDEEymw3ealYjFEoD+PoruPG7Ggt6eF+LX++OGFowMQAS+zK2d5sRReqFjxwUJzMGlS48aQKlQpfZg==",
      "license": "MIT",
      "dependencies": {
        "abitype": "^1.0.2"
      }
    },
    "node_modules/@scure/base": {
      "version": "1.2.6",
      "resolved": "https://registry.npmjs.org/@scure/base/-/base-1.2.6.tgz",
      "integrity": "sha512-g/nm5FgUa//MCj1gV09zTJTaM6KBAHqLN907YVQqf7zC49+DcO4B1so4ZX07Ef10Twr6nuqYEH9GEggFXA4Fmg==",
      "license": "MIT",
      "funding": {
        "url": "https://paulmillr.com/funding/"
      }
    },
    "node_modules/@scure/bip32": {
      "version": "1.7.0",
      "resolved": "https://registry.npmjs.org/@scure/bip32/-/bip32-1.7.0.tgz",
      "integrity": "sha512-E4FFX/N3f4B80AKWp5dP6ow+flD1LQZo/w8UnLGYZO674jS6YnYeepycOOksv+vLPSpgN35wgKgy+ybfTb2SMw==",
      "license": "MIT",
      "dependencies": {
        "@noble/curves": "~1.9.0",
        "@noble/hashes": "~1.8.0",
        "@scure/base": "~1.2.5"
      },
      "funding": {
        "url": "https://paulmillr.com/funding/"
      }
    },
    "node_modules/@scure/bip39": {
      "version": "1.6.0",
      "resolved": "https://registry.npmjs.org/@scure/bip39/-/bip39-1.6.0.tgz",
      "integrity": "sha512-+lF0BbLiJNwVlev4eKelw1WWLaiKXw7sSl8T6FvBlWkdX+94aGJ4o8XjUdlyhTCjd8c+B3KT3JfS8P0bLRNU6A==",
      "license": "MIT",
      "dependencies": {
        "@noble/hashes": "~1.8.0",
        "@scure/base": "~1.2.5"
      },
      "funding": {
        "url": "https://paulmillr.com/funding/"
      }
    },
    "node_modules/@types/node": {
      "version": "24.10.1",
      "resolved": "https://registry.npmjs.org/@types/node/-/node-24.10.1.tgz",
      "integrity": "sha512-GNWcUTRBgIRJD5zj+Tq0fKOJ5XZajIiBroOF0yvj2bSU1WvNdYS/dn9UxwsujGW4JX06dnHyjV2y9rRaybH0iQ==",
      "dev": true,
      "license": "MIT",
      "dependencies": {
        "undici-types": "~7.16.0"
      }
    },
    "node_modules/abitype": {
      "version": "1.2.0",
      "resolved": "https://registry.npmjs.org/abitype/-/abitype-1.2.0.tgz",
      "integrity": "sha512-fD3ROjckUrWsybaSor2AdWxzA0e/DSyV2dA4aYd7bd8orHsoJjl09fOgKfUkTDfk0BsDGBf4NBgu/c7JoS2Npw==",
      "license": "MIT",
      "funding": {
        "url": "https://github.com/sponsors/wevm"
      },
      "peerDependencies": {
        "typescript": ">=5.0.4",
        "zod": "^3.22.0 || ^4.0.0"
      },
      "peerDependenciesMeta": {
        "typescript": {
          "optional": true
        },
        "zod": {
          "optional": true
        }
      }
    },
    "node_modules/asn1js": {
      "version": "3.0.6",
      "resolved": "https://registry.npmjs.org/asn1js/-/asn1js-3.0.6.tgz",
      "integrity": "sha512-UOCGPYbl0tv8+006qks/dTgV9ajs97X2p0FAbyS2iyCRrmLSRolDaHdp+v/CLgnzHc3fVB+CwYiUmei7ndFcgA==",
      "license": "BSD-3-Clause",
      "optional": true,
      "dependencies": {
        "pvtsutils": "^1.3.6",
        "pvutils": "^1.1.3",
        "tslib": "^2.8.1"
      },
      "engines": {
        "node": ">=12.0.0"
      }
    },
    "node_modules/commander": {
      "version": "14.0.2",
      "resolved": "https://registry.npmjs.org/commander/-/commander-14.0.2.tgz",
      "integrity": "sha512-TywoWNNRbhoD0BXs1P3ZEScW8W5iKrnbithIl0YH+uCmBd0QpPOA8yc82DS3BIE5Ma6FnBVUsJ7wVUDz4dvOWQ==",
      "license": "MIT",
      "engines": {
        "node": ">=20"
      }
    },
    "node_modules/dotenv": {
      "version": "17.2.3",
      "resolved": "https://registry.npmjs.org/dotenv/-/dotenv-17.2.3.tgz",
      "integrity": "sha512-JVUnt+DUIzu87TABbhPmNfVdBDt18BLOWjMUFJMSi/Qqg7NTYtabbvSNJGOJ7afbRuv9D/lngizHtP7QyLQ+9w==",
      "license": "BSD-2-Clause",
      "engines": {
        "node": ">=12"
      },
      "funding": {
        "url": "https://dotenvx.com"
      }
    },
    "node_modules/eventemitter3": {
      "version": "5.0.1",
      "resolved": "https://registry.npmjs.org/eventemitter3/-/eventemitter3-5.0.1.tgz",
      "integrity": "sha512-GWkBvjiSZK87ELrYOSESUYeVIc9mvLLf/nXalMOS5dYrgZq9o5OVkbZAVM06CVxYsCwH9BDZFPlQTlPA1j4ahA==",
      "license": "MIT"
    },
    "node_modules/isows": {
      "version": "1.0.7",
      "resolved": "https://registry.npmjs.org/isows/-/isows-1.0.7.tgz",
      "integrity": "sha512-I1fSfDCZL5P0v33sVqeTDSpcstAg/N+wF5HS033mogOVIp4B+oHC7oOCsA3axAbBSGTJ8QubbNmnIRN/h8U7hg==",
      "funding": [
        {
          "type": "github",
          "url": "https://github.com/sponsors/wevm"
        }
      ],
      "license": "MIT",
      "peerDependencies": {
        "ws": "*"
      }
    },
    "node_modules/multiformats": {
      "version": "13.4.1",
      "resolved": "https://registry.npmjs.org/multiformats/-/multiformats-13.4.1.tgz",
      "integrity": "sha512-VqO6OSvLrFVAYYjgsr8tyv62/rCQhPgsZUXLTqoFLSgdkgiUYKYeArbt1uWLlEpkjxQe+P0+sHlbPEte1Bi06Q==",
      "license": "Apache-2.0 OR MIT"
    },
    "node_modules/ox": {
      "version": "0.9.6",
      "resolved": "https://registry.npmjs.org/ox/-/ox-0.9.6.tgz",
      "integrity": "sha512-8SuCbHPvv2eZLYXrNmC0EC12rdzXQLdhnOMlHDW2wiCPLxBrOOJwX5L5E61by+UjTPOryqQiRSnjIKCI+GykKg==",
      "funding": [
        {
          "type": "github",
          "url": "https://github.com/sponsors/wevm"
        }
      ],
      "license": "MIT",
      "dependencies": {
        "@adraffy/ens-normalize": "^1.11.0",
        "@noble/ciphers": "^1.3.0",
        "@noble/curves": "1.9.1",
        "@noble/hashes": "^1.8.0",
        "@scure/bip32": "^1.7.0",
        "@scure/bip39": "^1.6.0",
        "abitype": "^1.0.9",
        "eventemitter3": "5.0.1"
      },
      "peerDependencies": {
        "typescript": ">=5.4.0"
      },
      "peerDependenciesMeta": {
        "typescript": {
          "optional": true
        }
      }
    },
    "node_modules/ox/node_modules/@noble/curves": {
      "version": "1.9.1",
      "resolved": "https://registry.npmjs.org/@noble/curves/-/curves-1.9.1.tgz",
      "integrity": "sha512-k11yZxZg+t+gWvBbIswW0yoJlu8cHOC7dhunwOzoWH/mXGBiYyR4YY6hAEK/3EUs4UpB8la1RfdRpeGsFHkWsA==",
      "license": "MIT",
      "dependencies": {
        "@noble/hashes": "1.8.0"
      },
      "engines": {
        "node": "^14.21.3 || >=16"
      },
      "funding": {
        "url": "https://paulmillr.com/funding/"
      }
    },
    "node_modules/pvtsutils": {
      "version": "1.3.6",
      "resolved": "https://registry.npmjs.org/pvtsutils/-/pvtsutils-1.3.6.tgz",
      "integrity": "sha512-PLgQXQ6H2FWCaeRak8vvk1GW462lMxB5s3Jm673N82zI4vqtVUPuZdffdZbPDFRoU8kAhItWFtPCWiPpp4/EDg==",
      "license": "MIT",
      "optional": true,
      "dependencies": {
        "tslib": "^2.8.1"
      }
    },
    "node_modules/pvutils": {
      "version": "1.1.5",
      "resolved": "https://registry.npmjs.org/pvutils/-/pvutils-1.1.5.tgz",
      "integrity": "sha512-KTqnxsgGiQ6ZAzZCVlJH5eOjSnvlyEgx1m8bkRJfOhmGRqfo5KLvmAlACQkrjEtOQ4B7wF9TdSLIs9O90MX9xA==",
      "license": "MIT",
      "optional": true,
      "engines": {
        "node": ">=16.0.0"
      }
    },
    "node_modules/semver": {
      "version": "7.7.3",
      "resolved": "https://registry.npmjs.org/semver/-/semver-7.7.3.tgz",
      "integrity": "sha512-SdsKMrI9TdgjdweUSR9MweHA4EJ8YxHn8DFaDisvhVlUOe4BF1tLD7GAj0lIqWVl+dPb/rExr0Btby5loQm20Q==",
      "license": "ISC",
      "bin": {
        "semver": "bin/semver.js"
      },
      "engines": {
        "node": ">=10"
      }
    },
    "node_modules/tslib": {
      "version": "2.8.1",
      "resolved": "https://registry.npmjs.org/tslib/-/tslib-2.8.1.tgz",
      "integrity": "sha512-oJFu94HQb+KVduSUQL7wnpmqnfmLsOA/nAh6b6EH0wCEoK0/mPeXU6c3wKDV83MkOuHPRHtSXKKU99IBazS/2w==",
      "license": "0BSD",
      "optional": true
    },
    "node_modules/undici-types": {
      "version": "7.16.0",
      "resolved": "https://registry.npmjs.org/undici-types/-/undici-types-7.16.0.tgz",
      "integrity": "sha512-Zz+aZWSj8LE6zoxD+xrjh4VfkIG8Ya6LvYkZqtUQGJPZjYl53ypCaUwWqo7eI0x66KBGeRo+mlBEkMSeSZ38Nw==",
      "dev": true,
      "license": "MIT"
    },
    "node_modules/viem": {
      "version": "2.40.3",
      "resolved": "https://registry.npmjs.org/viem/-/viem-2.40.3.tgz",
      "integrity": "sha512-feYfEpbgjRkZYQpwcgxqkWzjxHI5LSDAjcGetHHwDRuX9BRQHUdV8ohrCosCYpdEhus/RknD3/bOd4qLYVPPuA==",
      "funding": [
        {
          "type": "github",
          "url": "https://github.com/sponsors/wevm"
        }
      ],
      "license": "MIT",
      "dependencies": {
        "@noble/curves": "1.9.1",
        "@noble/hashes": "1.8.0",
        "@scure/bip32": "1.7.0",
        "@scure/bip39": "1.6.0",
        "abitype": "1.1.0",
        "isows": "1.0.7",
        "ox": "0.9.6",
        "ws": "8.18.3"
      },
      "peerDependencies": {
        "typescript": ">=5.0.4"
      },
      "peerDependenciesMeta": {
        "typescript": {
          "optional": true
        }
      }
    },
    "node_modules/viem/node_modules/@noble/curves": {
      "version": "1.9.1",
      "resolved": "https://registry.npmjs.org/@noble/curves/-/curves-1.9.1.tgz",
      "integrity": "sha512-k11yZxZg+t+gWvBbIswW0yoJlu8cHOC7dhunwOzoWH/mXGBiYyR4YY6hAEK/3EUs4UpB8la1RfdRpeGsFHkWsA==",
      "license": "MIT",
      "dependencies": {
        "@noble/hashes": "1.8.0"
      },
      "engines": {
        "node": "^14.21.3 || >=16"
      },
      "funding": {
        "url": "https://paulmillr.com/funding/"
      }
    },
    "node_modules/viem/node_modules/abitype": {
      "version": "1.1.0",
      "resolved": "https://registry.npmjs.org/abitype/-/abitype-1.1.0.tgz",
      "integrity": "sha512-6Vh4HcRxNMLA0puzPjM5GBgT4aAcFGKZzSgAXvuZ27shJP6NEpielTuqbBmZILR5/xd0PizkBGy5hReKz9jl5A==",
      "license": "MIT",
      "funding": {
        "url": "https://github.com/sponsors/wevm"
      },
      "peerDependencies": {
        "typescript": ">=5.0.4",
        "zod": "^3.22.0 || ^4.0.0"
      },
      "peerDependenciesMeta": {
        "typescript": {
          "optional": true
        },
        "zod": {
          "optional": true
        }
      }
    },
    "node_modules/ws": {
      "version": "8.18.3",
      "resolved": "https://registry.npmjs.org/ws/-/ws-8.18.3.tgz",
      "integrity": "sha512-PEIGCY5tSlUt50cqyMXfCzX+oOPqN0vuGqWzbcJ2xvnkzkq46oOpz7dQaTDBdfICb4N14+GARUDw2XV2N4tvzg==",
      "license": "MIT",
      "engines": {
        "node": ">=10.0.0"
      },
      "peerDependencies": {
        "bufferutil": "^4.0.1",
        "utf-8-validate": ">=5.0.2"
      },
      "peerDependenciesMeta": {
        "bufferutil": {
          "optional": true
        },
        "utf-8-validate": {
          "optional": true
        }
      }
    }
  }
}
